
Microsoft Visual Studio Solution File, Format Version 12.00
# Visual Studio 15
VisualStudioVersion = 15.0.28010.2041
MinimumVisualStudioVersion = 10.0.40219.1
Project("{8BC9CEB8-8B4A-11D0-8D11-00A0C91BC942}") = "emulator32", "emulator32\emulator32.vcxproj", "{D0775DCF-E153-4FE1-BFC3-C279B0DF274B}"
EndProject
Global
	GlobalSection(SolutionConfigurationPlatforms) = preSolution
		Debug|x64 = Debug|x64
		Debug|x86 = Debug|x86
		Release|x64 = Release|x64
		Release|x86 = Release|x86
	EndGlobalSection
	GlobalSection(ProjectConfigurationPlatforms) = postSolution
		{D0775DCF-E153-4FE1-BFC3-C279B0DF274B}.Debug|x64.ActiveCfg = Debug|x64
		{D0775DCF-E153-4FE1-BFC3-C279B0DF274B}.Debug|x64.Build.0 = Debug|x64
		{D0775DCF-E153-4FE1-BFC3-C279B0DF274B}.Debug|x86.ActiveCfg = Debug|Win32
		{D0775DCF-E153-4FE1-BFC3-C279B0DF274B}.Debug|x86.Build.0 = Debug|Win32
		{D0775DCF-E153-4FE1-BFC3-C279B0DF274B}.Release|x64.ActiveCfg = Release|x64
		{D0775DCF-E153-4FE1-BFC3-C279B0DF274B}.Release|x64.Build.0 = Release|x64
		{D0775DCF-E153-4FE1-BFC3-C279B0DF274B}.Release|x86.ActiveCfg = Release|Win32
		{D0775DCF-E153-4FE1-BFC3-C279B0DF274B}.Release|x86.Build.0 = Release|Win32
	EndGlobalSection
	GlobalSection(SolutionProperties) = preSolution
		HideSolutionNode = FALSE
	EndGlobalSection
	GlobalSection(ExtensibilityGlobals) = postSolution
		SolutionGuid = {D569EA89-B9E4-442D-8764-73C03F867E64}
	EndGlobalSection
EndGlobal
